
Microsoft Visual Studio Solution File, Format Version 12.00
# Visual Studio 15
VisualStudioVersion = 15.0.28307.1145
MinimumVisualStudioVersion = 10.0.40219.1
Project("{FAE04EC0-301F-11D3-BF4B-00C04F79EFBC}") = "watermark", "watermark\watermark.csproj", "{81205095-FCDB-4EC5-BF58-4D3B6FC6C04F}"
EndProject
Global
	GlobalSection(SolutionConfigurationPlatforms) = preSolution
		Debug|Any CPU = Debug|Any CPU
		Release|Any CPU = Release|Any CPU
	EndGlobalSection
	GlobalSection(ProjectConfigurationPlatforms) = postSolution
		{81205095-FCDB-4EC5-BF58-4D3B6FC6C04F}.Debug|Any CPU.ActiveCfg = Debug|Any CPU
		{81205095-FCDB-4EC5-BF58-4D3B6FC6C04F}.Debug|Any CPU.Build.0 = Debug|Any CPU
		{81205095-FCDB-4EC5-BF58-4D3B6FC6C04F}.Release|Any CPU.ActiveCfg = Release|Any CPU
		{81205095-FCDB-4EC5-BF58-4D3B6FC6C04F}.Release|Any CPU.Build.0 = Release|Any CPU
	EndGlobalSection
	GlobalSection(SolutionProperties) = preSolution
		HideSolutionNode = FALSE
	EndGlobalSection
	GlobalSection(ExtensibilityGlobals) = postSolution
		SolutionGuid = {1A336C3A-5E45-424D-B752-C7CCA794DFB4}
	EndGlobalSection
EndGlobal
